bats v1.4.1 sha512:8674eed88b2c1803cafa2d63040b9492425a259772cdf974836b09746cae7472ca8404d4d3418142d9fb9eef7cec31642740f4f53c6858d47b364f6bb01c5756
jq 1.6 sha512:5e925d977782e8b6df2b7eb23cf7a7e39e83b9654c64aebced56adbac0b9d6a1cd30913ee059c45197abd0ea28e92271bf6474a5d98bef80ec1b66cbe4c46733
lefthook 0.7.6 sha512:c44655292766fee2648ad48092ed5406a0415dd6f7f7840046a25c73029efa0308909d3bb198669d2bcd23c4351c5da44c65e6cf03900903d44f865844449544
nodejs 16.9.1 sha512:35560b14affe8e87b8cb38dad6898a4ccfec381116656057f7679403a5ae4cf4b0fa86c7cc4056065e38845b1f4c79b300f901a2bda74ece8b37d9613af461a6
shellcheck 0.7.2 sha512:20ae5cd8626fe6dac7f1b96597112babca3cd22e7f6333119588ab67f935909830e14777234d60230a237517240d3e3b84f2737d81f6329c14d79e678dc30bbd
shfmt 3.3.0 sha512:cc1972b27ba01fb3db6971fb6272ce028c77b7927326412113d66a80403ad0adada8f93424c5b660f4f4efb92c5a2d0e945b09e5289f5e0ea4cf0cbf38f84371
task 3.7.3 sha512:6d1c9d9d0c33c856ad44b2d49350c0a955f92ee58985b7d55876ed8a245f3223a8007806299959d2c3f50cea1d89901de4f869fdaba35b99fd27e1e6f4e8b854
