bats v1.4.1 linux amd64 sha512:fcbb3ddecbc2a1f4f55ae4f6876f60738c5cad22fae772c27bfc657088de6043ac5bea81bf69f491f29d5f1a3be83aa7b992bb47f77169766d2b59faa95eb782
bats v1.4.1 darwin amd64 sha512:fcbb3ddecbc2a1f4f55ae4f6876f60738c5cad22fae772c27bfc657088de6043ac5bea81bf69f491f29d5f1a3be83aa7b992bb47f77169766d2b59faa95eb782
jq 1.6 linux amd64 sha512:6c7dda253cac7680eaa1b879d5dc97623c44f876ed510c067811d049ff40823c0e80d561b088c13742c1e309206f581d317048415d59116faaa27c7968be50ad
jq 1.6 darwin amd64 sha512:49796f5ee25948dda8f350d85c2ede65b714124e51e6873ac8aad330f50d56b4ef7a07ff81fb94b790086adabb93db6a23482fefb4d15f41b2b96aa8fa870ac4
lefthook 0.7.6 linux amd64 sha512:c604097327ad04ea24450005bc1556f1c58f456b5687e7273433f70f7a97966a3c14d9209c483249d8acb22394db75d55897e1840814b892693837e09417ba16
lefthook 0.7.6 darwin amd64 sha512:99fad3ff28f585f9b4ca8ac64403cd515368462da9bf7b58e756122eec9dd1329717536120d7e6f00655705e65a5b693b80787c35efd607a7ee01e1a13614dac
nodejs 16.9.1 linux amd64 sha512:e633abfac0627e1352bf13295472ea72e779c8e139e702b99f26d25ac24a0376df16ea9cd64e517bc8be32473298bde1397f38ee68a12a87a47ce1f5ecfd36a6
nodejs 16.9.1 darwin amd64 sha512:52712bbb79235def69d3b6755b02cb96045b3d403c77a57b99536bd1729a30b48015e74b456f9490e556b31b9c6d6f2396f52ce1e7777a59cd5d2e2e0d788ae3
shellcheck 0.7.2 linux amd64 sha512:e51484a15862dd3632b05d778ad928e0335536c59f5e53e355e311a922659b617074bd25576f9ed8225e3187858a648441a50a90972d932b0e3d8f11b411b413
shellcheck 0.7.2 darwin amd64 sha512:4d3321c25c0ba41559740aa855e293623ebed9386f019fca578f608fa233fdb394e181943a7be8cbf7df7fb10828e1e96155d948be05f8d6ebb65587653d3ad2
shfmt 3.3.0 linux amd64 sha512:2d6cd55c663891423531986e62c44b3aeed2df8d2b0f812e045107924e6f2af91f731d384d78ff3a4c4ad291cbd2f14d4f69a4745ebd5d9358a6dd83d9967cc7
shfmt 3.3.0 darwin amd64 sha512:0793c70e63b7b461d2161e6b28730cd98db801417cdf414ed7aeabcc38901b1671d202c00f8f0b6dea06d58bb522c9830b1858e4b783ef398130f52cee204e63
task 3.7.3 linux amd64 sha512:66ca1894ff2164dcb7f43a34f829c3779a5252038d4c03d4e9ac3a96f823df2fb98dd790a96232a8ec0167300925a51d32f745d61d40b3617e6891c2023a4ac8
task 3.7.3 darwin amd64 sha512:88479a5fdf8d860a3fe4d8d362a34a927fc1fa1825cb9c0c264618211c3434ca70ef286a6c32388ac13d8515b9810d40fb2a19161b9eb079119fe77fa08c579c
bats v1.5.0 linux amd64 sha512:df9d7844e86249f55857bbb85e132a04b0d1acb20d319cbeb68f2c536eb172b2e818dbf5d5270221caeb605b6cc72f1a5182d793afd46eb48bd7660f732e3a48
lefthook 0.7.7 linux amd64 sha512:37dc1a97442be9b82c61c1f4737e399d9823ea23789f7c6ad85eb004314b62b6966971e3276e17db805bf0c420286e5300ee9c547fc45dc681a20fa7af267a51
nodejs 16.13.2 linux amd64 sha512:430a6f21f7c683a8e084d157507f13e94cd03926503520c75240c88d0f0906c3876d1051ca4518c81e0b9e331e79aa9cb0c8c795439dd9ae1aee261468171fd9
shellcheck 0.8.0 linux amd64 sha512:9e52627b3ebfbbf8bc2bab474fe253b01584e0fbb58f252b426077874d093aca75e4e9f835283a1163bd02dea470916392f7b6d18cf36e0e63857236fa84772d
shfmt 3.4.2 linux amd64 sha512:3477822d54217896d18e99221a895b022bf1ebd06b9611134f73c4b60af97719dca810a7d46041b1a51f762109fdcc027f2c69ef22bb791725bca3a334202d0f
task 3.10.0 linux amd64 sha512:017e7666f385291b36c1745ec84f0645e1c7de43ce79008e42d8e49be3e92265292e8fc2565ad6e4ab5e860bb87137758ea4b2fe6f92a641de7b27546c8e95ef
bats v1.5.0 darwin amd64 sha512:df9d7844e86249f55857bbb85e132a04b0d1acb20d319cbeb68f2c536eb172b2e818dbf5d5270221caeb605b6cc72f1a5182d793afd46eb48bd7660f732e3a48
lefthook 0.7.7 darwin amd64 sha512:c124e1e0fad1f08a628c3c4ade1471f3fdbea39249f265ee644f40f5d15e74f55c667eb575f44615524aee1075b4d094596dbd5b55c21a37fbf69e62a0b759c1
nodejs 16.13.2 darwin amd64 sha512:8434e45bcb3490026dedf692ea256f1fda6b35e2db86b1e7e3931b4c096a23d516df3f4076b552ec8a46d91e47b75b7ff574905ff896f97f763d2f82acdcef50
shellcheck 0.8.0 darwin amd64 sha512:d4eff671dab684f479b739e2111c7b552c66d4aefe85e825e054f9870075486f1c0d38717579cb1da24d45a108849275d6e8d5308b8fa29d8eb2e56f520eb984
shfmt 3.4.2 darwin amd64 sha512:95b68bf55b34be4a34545cdf05a35acff4300a90e317e6afbe9eca9ad6a94e1e73e29689f20bd8ad8af8fde82dc3c14c5512833b1285789b5da21139bbaa37f5
task 3.10.0 darwin amd64 sha512:9d7e25b299943109c6d018024a23835c1c95dc621ca9a6668be67d903a1f790a47b8098fd003e2146d3298407ea94c5c7c13e8941c04ea723cb15fb91db13079
