bats v1.4.1 sha512:5fa02b69c76fdbdfba18bb67c5336213d82e2896c87c053e09f4bf5b303a99b27eb4a18af62b8b9118ac4c132774b7a1e953198a78a8a58d42647a273bc0b3bc
jq 1.6 sha512:f8dac8433a31e40114f624bf814d665585df268506bfd3df45f0f7b3f3873a93b9a6a01439e1255728cf08d11fb3014a3c613a000eff4d8185aa59d63e4a4a98
lefthook 0.7.6 sha512:938ff416adb7316688f799d652c88957dc6a1431489941ed990e80512a47cef766f71318930311dd9b195f82bafc3566febc41828940d1f639eb6a40708d2be3
nodejs 16.9.1 sha512:6b37bec18aa80b1ad15e1fd0bc00a8194ebfabbf52fd5fb157c7e87ce17859845225a253f7fc13a88c93050050981ff270a6f0d3cb8119d9b99156710e4face0
shellcheck 0.7.2 sha512:fbf0eb0d22b3b969631523a1d9d4d8d87e5b91a014fee7883874e46291e6b78d83ad66da6b877729b4bfa0464b866d7806bcaf7198877b286a5e26f13603bfc6
shfmt 3.3.0 sha512:01dcd3ff25d92ffd87c6d4c4f2cea1a96363fad5c88d601a891b5a963aa8762d41e0dd0e24f33161566f9c61356a1bf1e0c094bde3bfd074007dd5d5673ce358
task 3.7.3 sha512:6ab34f53fcc88baa45be0321b6a1a6e3010fc144ba237ff2379ad13acd78a0d09a82a3a17525ee63284ac00119987d52a59951f5f902afcd24dfce695805864b
